PODS:
  - BuzzWCDB (1.1.0):
    - SQLiteRepairKit (~> 1.3.0)
    - WCDBOptimizedSQLCipher (~> 1.3.0)
  - SQLiteRepairKit (1.3.0):
    - WCDBOptimizedSQLCipher (~> 1.3.0)
  - WCDBOptimizedSQLCipher (1.3.0)

DEPENDENCIES:
  - BuzzWCDB (from `../`)

SPEC REPOS:
  trunk:
    - SQLiteRepairKit
    - WCDBOptimizedSQLCipher

EXTERNAL SOURCES:
  BuzzWCDB:
    :path: "../"

SPEC CHECKSUMS:
  BuzzWCDB: 4a878a208393db5b050d706a00f677bb345a01eb
  SQLiteRepairKit: a66145aadae91886c800f75e16f5cc6476af1a93
  WCDBOptimizedSQLCipher: fc5d49fe6761e54aad29e88da01b6fc1283e5759

PODFILE CHECKSUM: c5d2f47df741b360768fe2405fe6106877cae281

COCOAPODS: 1.11.2
